// !$*UTF8*$!
{
	archiveVersion = 1;
	classes = {
	};
	objectVersion = 56;
	objects = {

/* Begin PBXBuildFile section */
		B865CE842B1A759900C019FA /* ObservationDemoApp.swift in Sources */ = {isa = PBXBuildFile; fileRef = B865CE832B1A759900C019FA /* ObservationDemoApp.swift */; };
		B865CE862B1A759900C019FA /* ContentView.swift in Sources */ = {isa = PBXBuildFile; fileRef = B865CE852B1A759900C019FA /* ContentView.swift */; };
		B865CE882B1A75A000C019FA /* Assets.xcassets in Resources */ = {isa = PBXBuildFile; fileRef = B865CE872B1A75A000C019FA /* Assets.xcassets */; };
		B865CE8B2B1A75A000C019FA /* Preview Assets.xcassets in Resources */ = {isa = PBXBuildFile; fileRef = B865CE8A2B1A75A000C019FA /* Preview Assets.xcassets */; };
		B865CE922B1D75A800C019FA /* LikeButton.swift in Sources */ = {isa = PBXBuildFile; fileRef = B865CE912B1D75A800C019FA /* LikeButton.swift */; };
		B865CE942B1D75CC00C019FA /* Deal.swift in Sources */ = {isa = PBXBuildFile; fileRef = B865CE932B1D75CC00C019FA /* Deal.swift */; };
		B865CE982B1D82B200C019FA /* OfferRepository.swift in Sources */ = {isa = PBXBuildFile; fileRef = B865CE972B1D82B200C019FA /* OfferRepository.swift */; };
		B865CE9A2B1D82D200C019FA /* EnvironmentValues.swift in Sources */ = {isa = PBXBuildFile; fileRef = B865CE992B1D82D200C019FA /* EnvironmentValues.swift */; };
		B8C4F8972B1EA054006BD4DA /* Coupon.swift in Sources */ = {isa = PBXBuildFile; fileRef = B8C4F8962B1EA054006BD4DA /* Coupon.swift */; };
		B8C4F8992B1EA0D1006BD4DA /* Offer.swift in Sources */ = {isa = PBXBuildFile; fileRef = B8C4F8982B1EA0D1006BD4DA /* Offer.swift */; };
		B8C4F89F2B1FCD21006BD4DA /* ContentViewModel.swift in Sources */ = {isa = PBXBuildFile; fileRef = B8C4F89E2B1FCD21006BD4DA /* ContentViewModel.swift */; };
		B8C4F8A12B1FDE0F006BD4DA /* Offer+Likeable.swift in Sources */ = {isa = PBXBuildFile; fileRef = B8C4F8A02B1FDE0F006BD4DA /* Offer+Likeable.swift */; };
/* End PBXBuildFile section */

/* Begin PBXFileReference section */
		B865CE802B1A759900C019FA /* ObservationDemo.app */ = {isa = PBXFileReference; explicitFileType = wrapper.application; includeInIndex = 0; path = ObservationDemo.app; sourceTree = BUILT_PRODUCTS_DIR; };
		B865CE832B1A759900C019FA /* ObservationDemoApp.swift */ = {isa = PBXFileReference; lastKnownFileType = sourcecode.swift; path = ObservationDemoApp.swift; sourceTree = "<group>"; };
		B865CE852B1A759900C019FA /* ContentView.swift */ = {isa = PBXFileReference; lastKnownFileType = sourcecode.swift; path = ContentView.swift; sourceTree = "<group>"; };
		B865CE872B1A75A000C019FA /* Assets.xcassets */ = {isa = PBXFileReference; lastKnownFileType = folder.assetcatalog; path = Assets.xcassets; sourceTree = "<group>"; };
		B865CE8A2B1A75A000C019FA /* Preview Assets.xcassets */ = {isa = PBXFileReference; lastKnownFileType = folder.assetcatalog; path = "Preview Assets.xcassets"; sourceTree = "<group>"; };
		B865CE912B1D75A800C019FA /* LikeButton.swift */ = {isa = PBXFileReference; lastKnownFileType = sourcecode.swift; path = LikeButton.swift; sourceTree = "<group>"; };
		B865CE932B1D75CC00C019FA /* Deal.swift */ = {isa = PBXFileReference; lastKnownFileType = sourcecode.swift; path = Deal.swift; sourceTree = "<group>"; };
		B865CE972B1D82B200C019FA /* OfferRepository.swift */ = {isa = PBXFileReference; lastKnownFileType = sourcecode.swift; path = OfferRepository.swift; sourceTree = "<group>"; };
		B865CE992B1D82D200C019FA /* EnvironmentValues.swift */ = {isa = PBXFileReference; lastKnownFileType = sourcecode.swift; path = EnvironmentValues.swift; sourceTree = "<group>"; };
		B8C4F8962B1EA054006BD4DA /* Coupon.swift */ = {isa = PBXFileReference; lastKnownFileType = sourcecode.swift; path = Coupon.swift; sourceTree = "<group>"; };
		B8C4F8982B1EA0D1006BD4DA /* Offer.swift */ = {isa = PBXFileReference; lastKnownFileType = sourcecode.swift; path = Offer.swift; sourceTree = "<group>"; };
		B8C4F89E2B1FCD21006BD4DA /* ContentViewModel.swift */ = {isa = PBXFileReference; lastKnownFileType = sourcecode.swift; path = ContentViewModel.swift; sourceTree = "<group>"; };
		B8C4F8A02B1FDE0F006BD4DA /* Offer+Likeable.swift */ = {isa = PBXFileReference; lastKnownFileType = sourcecode.swift; path = "Offer+Likeable.swift"; sourceTree = "<group>"; };
/* End PBXFileReference section */

/* Begin PBXFrameworksBuildPhase section */
		B865CE7D2B1A759900C019FA /* Frameworks */ = {
			isa = PBXFrameworksBuildPhase;
			buildActionMask = 2147483647;
			files = (
			);
			runOnlyForDeploymentPostprocessing = 0;
		};
/* End PBXFrameworksBuildPhase section */

/* Begin PBXGroup section */
		B865CE772B1A759900C019FA = {
			isa = PBXGroup;
			children = (
				B865CE822B1A759900C019FA /* ObservationDemo */,
				B865CE812B1A759900C019FA /* Products */,
			);
			sourceTree = "<group>";
		};
		B865CE812B1A759900C019FA /* Products */ = {
			isa = PBXGroup;
			children = (
				B865CE802B1A759900C019FA /* ObservationDemo.app */,
			);
			name = Products;
			sourceTree = "<group>";
		};
		B865CE822B1A759900C019FA /* ObservationDemo */ = {
			isa = PBXGroup;
			children = (
				B865CE832B1A759900C019FA /* ObservationDemoApp.swift */,
				B865CE852B1A759900C019FA /* ContentView.swift */,
				B8C4F89E2B1FCD21006BD4DA /* ContentViewModel.swift */,
				B865CE932B1D75CC00C019FA /* Deal.swift */,
				B8C4F8962B1EA054006BD4DA /* Coupon.swift */,
				B8C4F8982B1EA0D1006BD4DA /* Offer.swift */,
				B8C4F8A02B1FDE0F006BD4DA /* Offer+Likeable.swift */,
				B865CE912B1D75A800C019FA /* LikeButton.swift */,
				B865CE972B1D82B200C019FA /* OfferRepository.swift */,
				B865CE992B1D82D200C019FA /* EnvironmentValues.swift */,
				B865CE872B1A75A000C019FA /* Assets.xcassets */,
				B865CE892B1A75A000C019FA /* Preview Content */,
			);
			path = ObservationDemo;
			sourceTree = "<group>";
		};
		B865CE892B1A75A000C019FA /* Preview Content */ = {
			isa = PBXGroup;
			children = (
				B865CE8A2B1A75A000C019FA /* Preview Assets.xcassets */,
			);
			path = "Preview Content";
			sourceTree = "<group>";
		};
/* End PBXGroup section */

/* Begin PBXNativeTarget section */
		B865CE7F2B1A759900C019FA /* ObservationDemo */ = {
			isa = PBXNativeTarget;
			buildConfigurationList = B865CE8E2B1A75A000C019FA /* Build configuration list for PBXNativeTarget "ObservationDemo" */;
			buildPhases = (
				B865CE7C2B1A759900C019FA /* Sources */,
				B865CE7D2B1A759900C019FA /* Frameworks */,
				B865CE7E2B1A759900C019FA /* Resources */,
			);
			buildRules = (
			);
			dependencies = (
			);
			name = ObservationDemo;
			productName = ObservationDemo;
			productReference = B865CE802B1A759900C019FA /* ObservationDemo.app */;
			productType = "com.apple.product-type.application";
		};
/* End PBXNativeTarget section */

/* Begin PBXProject section */
		B865CE782B1A759900C019FA /* Project object */ = {
			isa = PBXProject;
			attributes = {
				BuildIndependentTargetsInParallel = 1;
				LastSwiftUpdateCheck = 1500;
				LastUpgradeCheck = 1500;
				TargetAttributes = {
					B865CE7F2B1A759900C019FA = {
						CreatedOnToolsVersion = 15.0.1;
					};
				};
			};
			buildConfigurationList = B865CE7B2B1A759900C019FA /* Build configuration list for PBXProject "ObservationDemo" */;
			compatibilityVersion = "Xcode 14.0";
			developmentRegion = en;
			hasScannedForEncodings = 0;
			knownRegions = (
				en,
				Base,
			);
			mainGroup = B865CE772B1A759900C019FA;
			productRefGroup = B865CE812B1A759900C019FA /* Products */;
			projectDirPath = "";
			projectRoot = "";
			targets = (
				B865CE7F2B1A759900C019FA /* ObservationDemo */,
			);
		};
/* End PBXProject section */

/* Begin PBXResourcesBuildPhase section */
		B865CE7E2B1A759900C019FA /* Resources */ = {
			isa = PBXResourcesBuildPhase;
			buildActionMask = 2147483647;
			files = (
				B865CE8B2B1A75A000C019FA /* Preview Assets.xcassets in Resources */,
				B865CE882B1A75A000C019FA /* Assets.xcassets in Resources */,
			);
			runOnlyForDeploymentPostprocessing = 0;
		};
/* End PBXResourcesBuildPhase section */

/* Begin PBXSourcesBuildPhase section */
		B865CE7C2B1A759900C019FA /* Sources */ = {
			isa = PBXSourcesBuildPhase;
			buildActionMask = 2147483647;
			files = (
				B865CE9A2B1D82D200C019FA /* EnvironmentValues.swift in Sources */,
				B865CE982B1D82B200C019FA /* OfferRepository.swift in Sources */,
				B8C4F8972B1EA054006BD4DA /* Coupon.swift in Sources */,
				B8C4F89F2B1FCD21006BD4DA /* ContentViewModel.swift in Sources */,
				B865CE922B1D75A800C019FA /* LikeButton.swift in Sources */,
				B865CE862B1A759900C019FA /* ContentView.swift in Sources */,
				B8C4F8992B1EA0D1006BD4DA /* Offer.swift in Sources */,
				B865CE842B1A759900C019FA /* ObservationDemoApp.swift in Sources */,
				B8C4F8A12B1FDE0F006BD4DA /* Offer+Likeable.swift in Sources */,
				B865CE942B1D75CC00C019FA /* Deal.swift in Sources */,
			);
			runOnlyForDeploymentPostprocessing = 0;
		};
/* End PBXSourcesBuildPhase section */

/* Begin XCBuildConfiguration section */
		B865CE8C2B1A75A000C019FA /* Debug */ = {
			isa = XCBuildConfiguration;
			buildSettings = {
				ALWAYS_SEARCH_USER_PATHS = NO;
				ASSETCATALOG_COMPILER_GENERATE_SWIFT_ASSET_SYMBOL_EXTENSIONS = YES;
				CLANG_ANALYZER_NONNULL = YES;
				CLANG_ANALYZER_NUMBER_OBJECT_CONVERSION = YES_AGGRESSIVE;
				CLANG_CXX_LANGUAGE_STANDARD = "gnu++20";
				CLANG_ENABLE_MODULES = YES;
				CLANG_ENABLE_OBJC_ARC = YES;
				CLANG_ENABLE_OBJC_WEAK = YES;
				CLANG_WARN_BLOCK_CAPTURE_AUTORELEASING = YES;
				CLANG_WARN_BOOL_CONVERSION = YES;
				CLANG_WARN_COMMA = YES;
				CLANG_WARN_CONSTANT_CONVERSION = YES;
				CLANG_WARN_DEPRECATED_OBJC_IMPLEMENTATIONS = YES;
				CLANG_WARN_DIRECT_OBJC_ISA_USAGE = YES_ERROR;
				CLANG_WARN_DOCUMENTATION_COMMENTS = YES;
				CLANG_WARN_EMPTY_BODY = YES;
				CLANG_WARN_ENUM_CONVERSION = YES;
				CLANG_WARN_INFINITE_RECURSION = YES;
				CLANG_WARN_INT_CONVERSION = YES;
				CLANG_WARN_NON_LITERAL_NULL_CONVERSION = YES;
				CLANG_WARN_OBJC_IMPLICIT_RETAIN_SELF = YES;
				CLANG_WARN_OBJC_LITERAL_CONVERSION = YES;
				CLANG_WARN_OBJC_ROOT_CLASS = YES_ERROR;
				CLANG_WARN_QUOTED_INCLUDE_IN_FRAMEWORK_HEADER = YES;
				CLANG_WARN_RANGE_LOOP_ANALYSIS = YES;
				CLANG_WARN_STRICT_PROTOTYPES = YES;
				CLANG_WARN_SUSPICIOUS_MOVE = YES;
				CLANG_WARN_UNGUARDED_AVAILABILITY = YES_AGGRESSIVE;
				CLANG_WARN_UNREACHABLE_CODE = YES;
				CLANG_WARN__DUPLICATE_METHOD_MATCH = YES;
				COPY_PHASE_STRIP = NO;
				DEBUG_INFORMATION_FORMAT = dwarf;
				ENABLE_STRICT_OBJC_MSGSEND = YES;
				ENABLE_TESTABILITY = YES;
				ENABLE_USER_SCRIPT_SANDBOXING = YES;
				GCC_C_LANGUAGE_STANDARD = gnu17;
				GCC_DYNAMIC_NO_PIC = NO;
				GCC_NO_COMMON_BLOCKS = YES;
				GCC_OPTIMIZATION_LEVEL = 0;
				GCC_PREPROCESSOR_DEFINITIONS = (
					"DEBUG=1",
					"$(inherited)",
				);
				GCC_WARN_64_TO_32_BIT_CONVERSION = YES;
				GCC_WARN_ABOUT_RETURN_TYPE = YES_ERROR;
				GCC_WARN_UNDECLARED_SELECTOR = YES;
				GCC_WARN_UNINITIALIZED_AUTOS = YES_AGGRESSIVE;
				GCC_WARN_UNUSED_FUNCTION = YES;
				GCC_WARN_UNUSED_VARIABLE = YES;
				IPHONEOS_DEPLOYMENT_TARGET = 17.0;
				LOCALIZATION_PREFERS_STRING_CATALOGS = YES;
				MTL_ENABLE_DEBUG_INFO = INCLUDE_SOURCE;
				MTL_FAST_MATH = YES;
				ONLY_ACTIVE_ARCH = YES;
				SDKROOT = iphoneos;
				SWIFT_ACTIVE_COMPILATION_CONDITIONS = "DEBUG $(inherited)";
				SWIFT_OPTIMIZATION_LEVEL = "-Onone";
			};
			name = Debug;
		};
		B865CE8D2B1A75A000C019FA /* Release */ = {
			isa = XCBuildConfiguration;
			buildSettings = {
				ALWAYS_SEARCH_USER_PATHS = NO;
				ASSETCATALOG_COMPILER_GENERATE_SWIFT_ASSET_SYMBOL_EXTENSIONS = YES;
				CLANG_ANALYZER_NONNULL = YES;
				CLANG_ANALYZER_NUMBER_OBJECT_CONVERSION = YES_AGGRESSIVE;
				CLANG_CXX_LANGUAGE_STANDARD = "gnu++20";
				CLANG_ENABLE_MODULES = YES;
				CLANG_ENABLE_OBJC_ARC = YES;
				CLANG_ENABLE_OBJC_WEAK = YES;
				CLANG_WARN_BLOCK_CAPTURE_AUTORELEASING = YES;
				CLANG_WARN_BOOL_CONVERSION = YES;
				CLANG_WARN_COMMA = YES;
				CLANG_WARN_CONSTANT_CONVERSION = YES;
				CLANG_WARN_DEPRECATED_OBJC_IMPLEMENTATIONS = YES;
				CLANG_WARN_DIRECT_OBJC_ISA_USAGE = YES_ERROR;
				CLANG_WARN_DOCUMENTATION_COMMENTS = YES;
				CLANG_WARN_EMPTY_BODY = YES;
				CLANG_WARN_ENUM_CONVERSION = YES;
				CLANG_WARN_INFINITE_RECURSION = YES;
				CLANG_WARN_INT_CONVERSION = YES;
				CLANG_WARN_NON_LITERAL_NULL_CONVERSION = YES;
				CLANG_WARN_OBJC_IMPLICIT_RETAIN_SELF = YES;
				CLANG_WARN_OBJC_LITERAL_CONVERSION = YES;
				CLANG_WARN_OBJC_ROOT_CLASS = YES_ERROR;
				CLANG_WARN_QUOTED_INCLUDE_IN_FRAMEWORK_HEADER = YES;
				CLANG_WARN_RANGE_LOOP_ANALYSIS = YES;
				CLANG_WARN_STRICT_PROTOTYPES = YES;
				CLANG_WARN_SUSPICIOUS_MOVE = YES;
				CLANG_WARN_UNGUARDED_AVAILABILITY = YES_AGGRESSIVE;
				CLANG_WARN_UNREACHABLE_CODE = YES;
				CLANG_WARN__DUPLICATE_METHOD_MATCH = YES;
				COPY_PHASE_STRIP = NO;
				DEBUG_INFORMATION_FORMAT = "dwarf-with-dsym";
				ENABLE_NS_ASSERTIONS = NO;
				ENABLE_STRICT_OBJC_MSGSEND = YES;
				ENABLE_USER_SCRIPT_SANDBOXING = YES;
				GCC_C_LANGUAGE_STANDARD = gnu17;
				GCC_NO_COMMON_BLOCKS = YES;
				GCC_WARN_64_TO_32_BIT_CONVERSION = YES;
				GCC_WARN_ABOUT_RETURN_TYPE = YES_ERROR;
				GCC_WARN_UNDECLARED_SELECTOR = YES;
				GCC_WARN_UNINITIALIZED_AUTOS = YES_AGGRESSIVE;
				GCC_WARN_UNUSED_FUNCTION = YES;
				GCC_WARN_UNUSED_VARIABLE = YES;
				IPHONEOS_DEPLOYMENT_TARGET = 17.0;
				LOCALIZATION_PREFERS_STRING_CATALOGS = YES;
				MTL_ENABLE_DEBUG_INFO = NO;
				MTL_FAST_MATH = YES;
				SDKROOT = iphoneos;
				SWIFT_COMPILATION_MODE = wholemodule;
				VALIDATE_PRODUCT = YES;
			};
			name = Release;
		};
		B865CE8F2B1A75A000C019FA /* Debug */ = {
			isa = XCBuildConfiguration;
			buildSettings = {
				ASSETCATALOG_COMPILER_APPICON_NAME = AppIcon;
				ASSETCATALOG_COMPILER_GLOBAL_ACCENT_COLOR_NAME = AccentColor;
				CODE_SIGN_STYLE = Automatic;
				CURRENT_PROJECT_VERSION = 1;
				DEVELOPMENT_ASSET_PATHS = "\"ObservationDemo/Preview Content\"";
				DEVELOPMENT_TEAM = "";
				ENABLE_PREVIEWS = YES;
				GENERATE_INFOPLIST_FILE = YES;
				INFOPLIST_KEY_UIApplicationSceneManifest_Generation = YES;
				INFOPLIST_KEY_UIApplicationSupportsIndirectInputEvents = YES;
				INFOPLIST_KEY_UILaunchScreen_Generation = YES;
				INFOPLIST_KEY_UISupportedInterfaceOrientations_iPad = "UIInterfaceOrientationPortrait UIInterfaceOrientationPortraitUpsideDown UIInterfaceOrientationLandscapeLeft UIInterfaceOrientationLandscapeRight";
				INFOPLIST_KEY_UISupportedInterfaceOrientations_iPhone = "UIInterfaceOrientationPortrait UIInterfaceOrientationLandscapeLeft UIInterfaceOrientationLandscapeRight";
				LD_RUNPATH_SEARCH_PATHS = (
					"$(inherited)",
					"@executable_path/Frameworks",
				);
				MARKETING_VERSION = 1.0;
				PRODUCT_BUNDLE_IDENTIFIER = com.ammon.mobile.ObservationDemo;
				PRODUCT_NAME = "$(TARGET_NAME)";
				SWIFT_EMIT_LOC_STRINGS = YES;
				SWIFT_VERSION = 5.0;
				TARGETED_DEVICE_FAMILY = "1,2";
			};
			name = Debug;
		};
		B865CE902B1A75A000C019FA /* Release */ = {
			isa = XCBuildConfiguration;
			buildSettings = {
				ASSETCATALOG_COMPILER_APPICON_NAME = AppIcon;
				ASSETCATALOG_COMPILER_GLOBAL_ACCENT_COLOR_NAME = AccentColor;
				CODE_SIGN_STYLE = Automatic;
				CURRENT_PROJECT_VERSION = 1;
				DEVELOPMENT_ASSET_PATHS = "\"ObservationDemo/Preview Content\"";
				DEVELOPMENT_TEAM = "";
				ENABLE_PREVIEWS = YES;
				GENERATE_INFOPLIST_FILE = YES;
				INFOPLIST_KEY_UIApplicationSceneManifest_Generation = YES;
				INFOPLIST_KEY_UIApplicationSupportsIndirectInputEvents = YES;
				INFOPLIST_KEY_UILaunchScreen_Generation = YES;
				INFOPLIST_KEY_UISupportedInterfaceOrientations_iPad = "UIInterfaceOrientationPortrait UIInterfaceOrientationPortraitUpsideDown UIInterfaceOrientationLandscapeLeft UIInterfaceOrientationLandscapeRight";
				INFOPLIST_KEY_UISupportedInterfaceOrientations_iPhone = "UIInterfaceOrientationPortrait UIInterfaceOrientationLandscapeLeft UIInterfaceOrientationLandscapeRight";
				LD_RUNPATH_SEARCH_PATHS = (
					"$(inherited)",
					"@executable_path/Frameworks",
				);
				MARKETING_VERSION = 1.0;
				PRODUCT_BUNDLE_IDENTIFIER = com.ammon.mobile.ObservationDemo;
				PRODUCT_NAME = "$(TARGET_NAME)";
				SWIFT_EMIT_LOC_STRINGS = YES;
				SWIFT_VERSION = 5.0;
				TARGETED_DEVICE_FAMILY = "1,2";
			};
			name = Release;
		};
/* End XCBuildConfiguration section */

/* Begin XCConfigurationList section */
		B865CE7B2B1A759900C019FA /* Build configuration list for PBXProject "ObservationDemo" */ = {
			isa = XCConfigurationList;
			buildConfigurations = (
				B865CE8C2B1A75A000C019FA /* Debug */,
				B865CE8D2B1A75A000C019FA /* Release */,
			);
			defaultConfigurationIsVisible = 0;
			defaultConfigurationName = Release;
		};
		B865CE8E2B1A75A000C019FA /* Build configuration list for PBXNativeTarget "ObservationDemo" */ = {
			isa = XCConfigurationList;
			buildConfigurations = (
				B865CE8F2B1A75A000C019FA /* Debug */,
				B865CE902B1A75A000C019FA /* Release */,
			);
			defaultConfigurationIsVisible = 0;
			defaultConfigurationName = Release;
		};
/* End XCConfigurationList section */
	};
	rootObject = B865CE782B1A759900C019FA /* Project object */;
}
